// !$*UTF8*$!
{
	archiveVersion = 1;
	classes = {
	};
	objectVersion = 46;
	objects = {

/* Begin PBXBuildFile section */
		F421587F1908A8DE00343326 /* CoreLocation.framework in Frameworks */ = {isa = PBXBuildFile; fileRef = F421587E1908A8DE00343326 /* CoreLocation.framework */; };
		F43309B51909585B00AB4771 /* BPBStoreLocationAnnotation.m in Sources */ = {isa = PBXBuildFile; fileRef = F43309B41909585B00AB4771 /* BPBStoreLocationAnnotation.m */; };
		F46BFA24190AB7A0007D6385 /* origins_ph.png in Resources */ = {isa = PBXBuildFile; fileRef = F46BFA23190AB7A0007D6385 /* origins_ph.png */; };
		F46BFA26190AB7A5007D6385 /* origin_goods_ph.png in Resources */ = {isa = PBXBuildFile; fileRef = F46BFA25190AB7A5007D6385 /* origin_goods_ph.png */; };
		F46BFA2A190AD53C007D6385 /* BPBScannerViewController.m in Sources */ = {isa = PBXBuildFile; fileRef = F46BFA28190AD53C007D6385 /* BPBScannerViewController.m */; };
		F46BFA2B190AD53C007D6385 /* BPBScannerViewController.xib in Resources */ = {isa = PBXBuildFile; fileRef = F46BFA29190AD53C007D6385 /* BPBScannerViewController.xib */; };
		F48E15951911C898000C575D /* BPBOriginsPhotoCell.m in Sources */ = {isa = PBXBuildFile; fileRef = F48E15941911C898000C575D /* BPBOriginsPhotoCell.m */; };
		F48E15971911C964000C575D /* PhotoCell.xib in Resources */ = {isa = PBXBuildFile; fileRef = F48E15961911C964000C575D /* PhotoCell.xib */; };
		F48E15991911CA97000C575D /* wood.png in Resources */ = {isa = PBXBuildFile; fileRef = F48E15981911CA97000C575D /* wood.png */; };
		F48EBE60190851C800935701 /* Foundation.framework in Frameworks */ = {isa = PBXBuildFile; fileRef = F48EBE5F190851C800935701 /* Foundation.framework */; };
		F48EBE62190851C800935701 /* CoreGraphics.framework in Frameworks */ = {isa = PBXBuildFile; fileRef = F48EBE61190851C800935701 /* CoreGraphics.framework */; };
		F48EBE64190851C800935701 /* UIKit.framework in Frameworks */ = {isa = PBXBuildFile; fileRef = F48EBE63190851C800935701 /* UIKit.framework */; };
		F48EBE6A190851C800935701 /* InfoPlist.strings in Resources */ = {isa = PBXBuildFile; fileRef = F48EBE68190851C800935701 /* InfoPlist.strings */; };
		F48EBE6C190851C800935701 /* main.m in Sources */ = {isa = PBXBuildFile; fileRef = F48EBE6B190851C800935701 /* main.m */; };
		F48EBE70190851C800935701 /* BPBAppDelegate.m in Sources */ = {isa = PBXBuildFile; fileRef = F48EBE6F190851C800935701 /* BPBAppDelegate.m */; };
		F48EBE72190851C800935701 /* Images.xcassets in Resources */ = {isa = PBXBuildFile; fileRef = F48EBE71190851C800935701 /* Images.xcassets */; };
		F48EBE79190851C800935701 /* XCTest.framework in Frameworks */ = {isa = PBXBuildFile; fileRef = F48EBE78190851C800935701 /* XCTest.framework */; };
		F48EBE7A190851C800935701 /* Foundation.framework in Frameworks */ = {isa = PBXBuildFile; fileRef = F48EBE5F190851C800935701 /* Foundation.framework */; };
		F48EBE7B190851C800935701 /* UIKit.framework in Frameworks */ = {isa = PBXBuildFile; fileRef = F48EBE63190851C800935701 /* UIKit.framework */; };
		F48EBE83190851C800935701 /* InfoPlist.strings in Resources */ = {isa = PBXBuildFile; fileRef = F48EBE81190851C800935701 /* InfoPlist.strings */; };
		F48EBE85190851C800935701 /* OriginsTests.m in Sources */ = {isa = PBXBuildFile; fileRef = F48EBE84190851C800935701 /* OriginsTests.m */; };
		F48EBE931908554100935701 /* BPBLoginViewController.m in Sources */ = {isa = PBXBuildFile; fileRef = F48EBE911908554100935701 /* BPBLoginViewController.m */; };
		F48EBE941908554100935701 /* BPBLoginViewController.xib in Resources */ = {isa = PBXBuildFile; fileRef = F48EBE921908554100935701 /* BPBLoginViewController.xib */; };
		F48EBE98190859CC00935701 /* BPBMainScreenViewController.m in Sources */ = {isa = PBXBuildFile; fileRef = F48EBE96190859CC00935701 /* BPBMainScreenViewController.m */; };
		F48EBE99190859CC00935701 /* BPBMainScreenViewController.xib in Resources */ = {isa = PBXBuildFile; fileRef = F48EBE97190859CC00935701 /* BPBMainScreenViewController.xib */; };
		F48EBE9B190860CC00935701 /* MapKit.framework in Frameworks */ = {isa = PBXBuildFile; fileRef = F48EBE9A190860CC00935701 /* MapKit.framework */; };
		F4958C35191BF35C00318934 /* share_this_item.png in Resources */ = {isa = PBXBuildFile; fileRef = F4958C34191BF35C00318934 /* share_this_item.png */; };
		F4958C38191BF89E00318934 /* BPBFaceBookView.m in Sources */ = {isa = PBXBuildFile; fileRef = F4958C37191BF89E00318934 /* BPBFaceBookView.m */; };
		F4958C3A191BF8C000318934 /* BPBFaceBookView.xib in Resources */ = {isa = PBXBuildFile; fileRef = F4958C39191BF8C000318934 /* BPBFaceBookView.xib */; };
		F4958C3C191BFCD700318934 /* post_to_facebook.png in Resources */ = {isa = PBXBuildFile; fileRef = F4958C3B191BFCD700318934 /* post_to_facebook.png */; };
		F4958C3E191C381200318934 /* QuartzCore.framework in Frameworks */ = {isa = PBXBuildFile; fileRef = F4958C3D191C381200318934 /* QuartzCore.framework */; };
		F4958C40191C54B200318934 /* Social.framework in Frameworks */ = {isa = PBXBuildFile; fileRef = F4958C3F191C54B200318934 /* Social.framework */; };
		F496983719100976000BD8C3 /* BPBDataFetch.m in Sources */ = {isa = PBXBuildFile; fileRef = F496983619100976000BD8C3 /* BPBDataFetch.m */; };
		F4D05440191A7A9D00E20A7A /* not_origin_verified.png in Resources */ = {isa = PBXBuildFile; fileRef = F4D0543F191A7A9D00E20A7A /* not_origin_verified.png */; };
		F4D05444191A7F9100E20A7A /* origin_alternatives.png in Resources */ = {isa = PBXBuildFile; fileRef = F4D05443191A7F9100E20A7A /* origin_alternatives.png */; };
		F4D05448191A84D600E20A7A /* BPBHarmfulStateViewController.m in Sources */ = {isa = PBXBuildFile; fileRef = F4D05446191A84D600E20A7A /* BPBHarmfulStateViewController.m */; };
		F4D05449191A84D600E20A7A /* BPBHarmfulStateViewController.xib in Resources */ = {isa = PBXBuildFile; fileRef = F4D05447191A84D600E20A7A /* BPBHarmfulStateViewController.xib */; };
		F4D0544D191A84E700E20A7A /* BPBUnknownStateViewController.m in Sources */ = {isa = PBXBuildFile; fileRef = F4D0544B191A84E700E20A7A /* BPBUnknownStateViewController.m */; };
		F4D0544E191A84E700E20A7A /* BPBUnknownStateViewController.xib in Resources */ = {isa = PBXBuildFile; fileRef = F4D0544C191A84E700E20A7A /* BPBUnknownStateViewController.xib */; };
		F4D05452191AAD5700E20A7A /* BPBGoodStateViewController.m in Sources */ = {isa = PBXBuildFile; fileRef = F4D05450191AAD5700E20A7A /* BPBGoodStateViewController.m */; };
		F4D05453191AAD5700E20A7A /* BPBGoodStateViewController.xib in Resources */ = {isa = PBXBuildFile; fileRef = F4D05451191AAD5700E20A7A /* BPBGoodStateViewController.xib */; };
		F4D0545E191AC31300E20A7A /* BPBProductStateViewController.m in Sources */ = {isa = PBXBuildFile; fileRef = F4D0545D191AC31300E20A7A /* BPBProductStateViewController.m */; };
		F4D05460191AC93300E20A7A /* verified_thank_you.png in Resources */ = {isa = PBXBuildFile; fileRef = F4D0545F191AC93300E20A7A /* verified_thank_you.png */; };
		F4F04AFF1912A35D00135F35 /* BPBProduct.m in Sources */ = {isa = PBXBuildFile; fileRef = F4F04AFE1912A35D00135F35 /* BPBProduct.m */; };
		F4F04B021912A41300135F35 /* BPBStore.m in Sources */ = {isa = PBXBuildFile; fileRef = F4F04B011912A41300135F35 /* BPBStore.m */; };
		F4F04B041912ACD800135F35 /* chair.png in Resources */ = {isa = PBXBuildFile; fileRef = F4F04B031912ACD800135F35 /* chair.png */; };
		F4F04B071912ACE800135F35 /* cups.png in Resources */ = {isa = PBXBuildFile; fileRef = F4F04B051912ACE800135F35 /* cups.png */; };
		F4F04B081912ACE800135F35 /* office_tools.png in Resources */ = {isa = PBXBuildFile; fileRef = F4F04B061912ACE800135F35 /* office_tools.png */; };
		F4F04B0A1912ACFC00135F35 /* wallet.png in Resources */ = {isa = PBXBuildFile; fileRef = F4F04B091912ACFC00135F35 /* wallet.png */; };
		F4F04B0C1912B5F900135F35 /* tag_this_item.png in Resources */ = {isa = PBXBuildFile; fileRef = F4F04B0B1912B5F900135F35 /* tag_this_item.png */; };
		F4F04B0E1912B8DD00135F35 /* flag_this_item.png in Resources */ = {isa = PBXBuildFile; fileRef = F4F04B0D1912B8DD00135F35 /* flag_this_item.png */; };
		F4F0D47E191D27DB000A8AAF /* BPBVerfied.xib in Resources */ = {isa = PBXBuildFile; fileRef = F4F0D47D191D27DB000A8AAF /* BPBVerfied.xib */; };
		F4F0D480191D3918000A8AAF /* origin_alert_share.png in Resources */ = {isa = PBXBuildFile; fileRef = F4F0D47F191D3918000A8AAF /* origin_alert_share.png */; };
		F4F0D482191D44EC000A8AAF /* reticle.png in Resources */ = {isa = PBXBuildFile; fileRef = F4F0D481191D44EC000A8AAF /* reticle.png */; };
		F4F145851923C7BE00215F72 /* green_circle.png in Resources */ = {isa = PBXBuildFile; fileRef = F4F145841923C7BE00215F72 /* green_circle.png */; };
		F4F1458819269D3100215F72 /* BPBGenericAnnotation.m in Sources */ = {isa = PBXBuildFile; fileRef = F4F1458719269D3100215F72 /* BPBGenericAnnotation.m */; };
		F4F1458B1926ABB400215F72 /* BPBSlideView.m in Sources */ = {isa = PBXBuildFile; fileRef = F4F1458A1926ABB400215F72 /* BPBSlideView.m */; };
		F4F1458D1926AFCC00215F72 /* barcodes-icon.png in Resources */ = {isa = PBXBuildFile; fileRef = F4F1458C1926AFCC00215F72 /* barcodes-icon.png */; };
		F4F692D219211E84004AD8F8 /* green_leaf_bg.png in Resources */ = {isa = PBXBuildFile; fileRef = F4F692D119211E84004AD8F8 /* green_leaf_bg.png */; };
		F4F692DC19212C97004AD8F8 /* red_circle.png in Resources */ = {isa = PBXBuildFile; fileRef = F4F692DB19212C97004AD8F8 /* red_circle.png */; };
		F4F692DF192142D3004AD8F8 /* BPBAnnotationCalloutView.m in Sources */ = {isa = PBXBuildFile; fileRef = F4F692DE192142D3004AD8F8 /* BPBAnnotationCalloutView.m */; };
		F4F692E119214312004AD8F8 /* BPBAnnotationCalloutView.xib in Resources */ = {isa = PBXBuildFile; fileRef = F4F692E019214312004AD8F8 /* BPBAnnotationCalloutView.xib */; };
		F4F692E4192144C4004AD8F8 /* BPBAnnotationView.m in Sources */ = {isa = PBXBuildFile; fileRef = F4F692E3192144C4004AD8F8 /* BPBAnnotationView.m */; };
		F4F692EC19215A97004AD8F8 /* annotation_background.png in Resources */ = {isa = PBXBuildFile; fileRef = F4F692EB19215A97004AD8F8 /* annotation_background.png */; };
		F4F692EF1921613D004AD8F8 /* gray_arrow.png in Resources */ = {isa = PBXBuildFile; fileRef = F4F692ED1921613D004AD8F8 /* gray_arrow.png */; };
		F4F692F01921613D004AD8F8 /* see_less_arrow.png in Resources */ = {isa = PBXBuildFile; fileRef = F4F692EE1921613D004AD8F8 /* see_less_arrow.png */; };
		F4F692F2192161A3004AD8F8 /* see_more_arrow.png in Resources */ = {isa = PBXBuildFile; fileRef = F4F692F1192161A3004AD8F8 /* see_more_arrow.png */; };
/* End PBXBuildFile section */

/* Begin PBXContainerItemProxy section */
		F48EBE7C190851C800935701 /* PBXContainerItemProxy */ = {
			isa = PBXContainerItemProxy;
			containerPortal = F48EBE54190851C800935701 /* Project object */;
			proxyType = 1;
			remoteGlobalIDString = F48EBE5B190851C800935701;
			remoteInfo = Origins;
		};
/* End PBXContainerItemProxy section */

/* Begin PBXFileReference section */
		F421587E1908A8DE00343326 /* CoreLocation.framework */ = {isa = PBXFileReference; lastKnownFileType = wrapper.framework; name = CoreLocation.framework; path = System/Library/Frameworks/CoreLocation.framework; sourceTree = SDKROOT; };
		F43309B31909585B00AB4771 /* BPBStoreLocationAnnotation.h */ = {isa = PBXFileReference; fileEncoding = 4; lastKnownFileType = sourcecode.c.h; name = BPBStoreLocationAnnotation.h; path = Origins/BPBStoreLocationAnnotation.h; sourceTree = "<group>"; };
		F43309B41909585B00AB4771 /* BPBStoreLocationAnnotation.m */ = {isa = PBXFileReference; fileEncoding = 4; lastKnownFileType = sourcecode.c.objc; name = BPBStoreLocationAnnotation.m; path = Origins/BPBStoreLocationAnnotation.m; sourceTree = "<group>"; };
		F43309B819095A8D00AB4771 /* BPBConstants.h */ = {isa = PBXFileReference; lastKnownFileType = sourcecode.c.h; path = BPBConstants.h; sourceTree = "<group>"; };
		F46BFA23190AB7A0007D6385 /* origins_ph.png */ = {isa = PBXFileReference; lastKnownFileType = image.png; path = origins_ph.png; sourceTree = "<group>"; };
		F46BFA25190AB7A5007D6385 /* origin_goods_ph.png */ = {isa = PBXFileReference; lastKnownFileType = image.png; path = origin_goods_ph.png; sourceTree = "<group>"; };
		F46BFA27190AD53C007D6385 /* BPBScannerViewController.h */ = {isa = PBXFileReference; fileEncoding = 4; lastKnownFileType = sourcecode.c.h; path = BPBScannerViewController.h; sourceTree = "<group>"; };
		F46BFA28190AD53C007D6385 /* BPBScannerViewController.m */ = {isa = PBXFileReference; fileEncoding = 4; lastKnownFileType = sourcecode.c.objc; path = BPBScannerViewController.m; sourceTree = "<group>"; };
		F46BFA29190AD53C007D6385 /* BPBScannerViewController.xib */ = {isa = PBXFileReference; fileEncoding = 4; lastKnownFileType = file.xib; path = BPBScannerViewController.xib; sourceTree = "<group>"; };
		F48E15931911C898000C575D /* BPBOriginsPhotoCell.h */ = {isa = PBXFileReference; fileEncoding = 4; lastKnownFileType = sourcecode.c.h; path = BPBOriginsPhotoCell.h; sourceTree = "<group>"; };
		F48E15941911C898000C575D /* BPBOriginsPhotoCell.m */ = {isa = PBXFileReference; fileEncoding = 4; lastKnownFileType = sourcecode.c.objc; path = BPBOriginsPhotoCell.m; sourceTree = "<group>"; };
		F48E15961911C964000C575D /* PhotoCell.xib */ = {isa = PBXFileReference; fileEncoding = 4; lastKnownFileType = file.xib; path = PhotoCell.xib; sourceTree = "<group>"; };
		F48E15981911CA97000C575D /* wood.png */ = {isa = PBXFileReference; lastKnownFileType = image.png; path = wood.png; sourceTree = "<group>"; };
		F48EBE5C190851C800935701 /* Origins.app */ = {isa = PBXFileReference; explicitFileType = wrapper.application; includeInIndex = 0; path = Origins.app; sourceTree = BUILT_PRODUCTS_DIR; };
		F48EBE5F190851C800935701 /* Foundation.framework */ = {isa = PBXFileReference; lastKnownFileType = wrapper.framework; name = Foundation.framework; path = System/Library/Frameworks/Foundation.framework; sourceTree = SDKROOT; };
		F48EBE61190851C800935701 /* CoreGraphics.framework */ = {isa = PBXFileReference; lastKnownFileType = wrapper.framework; name = CoreGraphics.framework; path = System/Library/Frameworks/CoreGraphics.framework; sourceTree = SDKROOT; };
		F48EBE63190851C800935701 /* UIKit.framework */ = {isa = PBXFileReference; lastKnownFileType = wrapper.framework; name = UIKit.framework; path = System/Library/Frameworks/UIKit.framework; sourceTree = SDKROOT; };
		F48EBE67190851C800935701 /* Origins-Info.plist */ = {isa = PBXFileReference; lastKnownFileType = text.plist.xml; path = "Origins-Info.plist"; sourceTree = "<group>"; };
		F48EBE69190851C800935701 /* en */ = {isa = PBXFileReference; lastKnownFileType = text.plist.strings; name = en; path = en.lproj/InfoPlist.strings; sourceTree = "<group>"; };
		F48EBE6B190851C800935701 /* main.m */ = {isa = PBXFileReference; lastKnownFileType = sourcecode.c.objc; path = main.m; sourceTree = "<group>"; };
		F48EBE6D190851C800935701 /* Origins-Prefix.pch */ = {isa = PBXFileReference; lastKnownFileType = sourcecode.c.h; path = "Origins-Prefix.pch"; sourceTree = "<group>"; };
		F48EBE6E190851C800935701 /* BPBAppDelegate.h */ = {isa = PBXFileReference; lastKnownFileType = sourcecode.c.h; path = BPBAppDelegate.h; sourceTree = "<group>"; };
		F48EBE6F190851C800935701 /* BPBAppDelegate.m */ = {isa = PBXFileReference; lastKnownFileType = sourcecode.c.objc; path = BPBAppDelegate.m; sourceTree = "<group>"; };
		F48EBE71190851C800935701 /* Images.xcassets */ = {isa = PBXFileReference; lastKnownFileType = folder.assetcatalog; path = Images.xcassets; sourceTree = "<group>"; };
		F48EBE77190851C800935701 /* OriginsTests.xctest */ = {isa = PBXFileReference; explicitFileType = wrapper.cfbundle; includeInIndex = 0; path = OriginsTests.xctest; sourceTree = BUILT_PRODUCTS_DIR; };
		F48EBE78190851C800935701 /* XCTest.framework */ = {isa = PBXFileReference; lastKnownFileType = wrapper.framework; name = XCTest.framework; path = Library/Frameworks/XCTest.framework; sourceTree = DEVELOPER_DIR; };
		F48EBE80190851C800935701 /* OriginsTests-Info.plist */ = {isa = PBXFileReference; lastKnownFileType = text.plist.xml; path = "OriginsTests-Info.plist"; sourceTree = "<group>"; };
		F48EBE82190851C800935701 /* en */ = {isa = PBXFileReference; lastKnownFileType = text.plist.strings; name = en; path = en.lproj/InfoPlist.strings; sourceTree = "<group>"; };
		F48EBE84190851C800935701 /* OriginsTests.m */ = {isa = PBXFileReference; lastKnownFileType = sourcecode.c.objc; path = OriginsTests.m; sourceTree = "<group>"; };
		F48EBE901908554100935701 /* BPBLoginViewController.h */ = {isa = PBXFileReference; fileEncoding = 4; lastKnownFileType = sourcecode.c.h; name = BPBLoginViewController.h; path = Origins/BPBLoginViewController.h; sourceTree = "<group>"; };
		F48EBE911908554100935701 /* BPBLoginViewController.m */ = {isa = PBXFileReference; fileEncoding = 4; lastKnownFileType = sourcecode.c.objc; name = BPBLoginViewController.m; path = Origins/BPBLoginViewController.m; sourceTree = "<group>"; };
		F48EBE921908554100935701 /* BPBLoginViewController.xib */ = {isa = PBXFileReference; fileEncoding = 4; lastKnownFileType = file.xib; name = BPBLoginViewController.xib; path = Origins/BPBLoginViewController.xib; sourceTree = "<group>"; };
		F48EBE95190859CC00935701 /* BPBMainScreenViewController.h */ = {isa = PBXFileReference; fileEncoding = 4; lastKnownFileType = sourcecode.c.h; name = BPBMainScreenViewController.h; path = Origins/BPBMainScreenViewController.h; sourceTree = "<group>"; };
		F48EBE96190859CC00935701 /* BPBMainScreenViewController.m */ = {isa = PBXFileReference; fileEncoding = 4; lastKnownFileType = sourcecode.c.objc; name = BPBMainScreenViewController.m; path = Origins/BPBMainScreenViewController.m; sourceTree = "<group>"; };
		F48EBE97190859CC00935701 /* BPBMainScreenViewController.xib */ = {isa = PBXFileReference; fileEncoding = 4; lastKnownFileType = file.xib; name = BPBMainScreenViewController.xib; path = Origins/BPBMainScreenViewController.xib; sourceTree = "<group>"; };
		F48EBE9A190860CC00935701 /* MapKit.framework */ = {isa = PBXFileReference; lastKnownFileType = wrapper.framework; name = MapKit.framework; path = System/Library/Frameworks/MapKit.framework; sourceTree = SDKROOT; };
		F4958C34191BF35C00318934 /* share_this_item.png */ = {isa = PBXFileReference; lastKnownFileType = image.png; path = share_this_item.png; sourceTree = "<group>"; };
		F4958C36191BF89E00318934 /* BPBFaceBookView.h */ = {isa = PBXFileReference; fileEncoding = 4; lastKnownFileType = sourcecode.c.h; path = BPBFaceBookView.h; sourceTree = "<group>"; };
		F4958C37191BF89E00318934 /* BPBFaceBookView.m */ = {isa = PBXFileReference; fileEncoding = 4; lastKnownFileType = sourcecode.c.objc; path = BPBFaceBookView.m; sourceTree = "<group>"; };
		F4958C39191BF8C000318934 /* BPBFaceBookView.xib */ = {isa = PBXFileReference; fileEncoding = 4; lastKnownFileType = file.xib; path = BPBFaceBookView.xib; sourceTree = "<group>"; };
		F4958C3B191BFCD700318934 /* post_to_facebook.png */ = {isa = PBXFileReference; lastKnownFileType = image.png; path = post_to_facebook.png; sourceTree = "<group>"; };
		F4958C3D191C381200318934 /* QuartzCore.framework */ = {isa = PBXFileReference; lastKnownFileType = wrapper.framework; name = QuartzCore.framework; path = System/Library/Frameworks/QuartzCore.framework; sourceTree = SDKROOT; };
		F4958C3F191C54B200318934 /* Social.framework */ = {isa = PBXFileReference; lastKnownFileType = wrapper.framework; name = Social.framework; path = System/Library/Frameworks/Social.framework; sourceTree = SDKROOT; };
		F496983519100976000BD8C3 /* BPBDataFetch.h */ = {isa = PBXFileReference; fileEncoding = 4; lastKnownFileType = sourcecode.c.h; path = BPBDataFetch.h; sourceTree = "<group>"; };
		F496983619100976000BD8C3 /* BPBDataFetch.m */ = {isa = PBXFileReference; fileEncoding = 4; lastKnownFileType = sourcecode.c.objc; path = BPBDataFetch.m; sourceTree = "<group>"; };
		F4D0543F191A7A9D00E20A7A /* not_origin_verified.png */ = {isa = PBXFileReference; lastKnownFileType = image.png; path = not_origin_verified.png; sourceTree = "<group>"; };
		F4D05443191A7F9100E20A7A /* origin_alternatives.png */ = {isa = PBXFileReference; lastKnownFileType = image.png; path = origin_alternatives.png; sourceTree = "<group>"; };
		F4D05445191A84D600E20A7A /* BPBHarmfulStateViewController.h */ = {isa = PBXFileReference; fileEncoding = 4; lastKnownFileType = sourcecode.c.h; path = BPBHarmfulStateViewController.h; sourceTree = "<group>"; };
		F4D05446191A84D600E20A7A /* BPBHarmfulStateViewController.m */ = {isa = PBXFileReference; fileEncoding = 4; lastKnownFileType = sourcecode.c.objc; path = BPBHarmfulStateViewController.m; sourceTree = "<group>"; };
		F4D05447191A84D600E20A7A /* BPBHarmfulStateViewController.xib */ = {isa = PBXFileReference; fileEncoding = 4; lastKnownFileType = file.xib; path = BPBHarmfulStateViewController.xib; sourceTree = "<group>"; };
		F4D0544A191A84E700E20A7A /* BPBUnknownStateViewController.h */ = {isa = PBXFileReference; fileEncoding = 4; lastKnownFileType = sourcecode.c.h; path = BPBUnknownStateViewController.h; sourceTree = "<group>"; };
		F4D0544B191A84E700E20A7A /* BPBUnknownStateViewController.m */ = {isa = PBXFileReference; fileEncoding = 4; lastKnownFileType = sourcecode.c.objc; path = BPBUnknownStateViewController.m; sourceTree = "<group>"; };
		F4D0544C191A84E700E20A7A /* BPBUnknownStateViewController.xib */ = {isa = PBXFileReference; fileEncoding = 4; lastKnownFileType = file.xib; path = BPBUnknownStateViewController.xib; sourceTree = "<group>"; };
		F4D0544F191AAD5700E20A7A /* BPBGoodStateViewController.h */ = {isa = PBXFileReference; fileEncoding = 4; lastKnownFileType = sourcecode.c.h; path = BPBGoodStateViewController.h; sourceTree = "<group>"; };
		F4D05450191AAD5700E20A7A /* BPBGoodStateViewController.m */ = {isa = PBXFileReference; fileEncoding = 4; lastKnownFileType = sourcecode.c.objc; path = BPBGoodStateViewController.m; sourceTree = "<group>"; };
		F4D05451191AAD5700E20A7A /* BPBGoodStateViewController.xib */ = {isa = PBXFileReference; fileEncoding = 4; lastKnownFileType = file.xib; path = BPBGoodStateViewController.xib; sourceTree = "<group>"; };
		F4D0545C191AC31300E20A7A /* BPBProductStateViewController.h */ = {isa = PBXFileReference; fileEncoding = 4; lastKnownFileType = sourcecode.c.h; path = BPBProductStateViewController.h; sourceTree = "<group>"; };
		F4D0545D191AC31300E20A7A /* BPBProductStateViewController.m */ = {isa = PBXFileReference; fileEncoding = 4; lastKnownFileType = sourcecode.c.objc; path = BPBProductStateViewController.m; sourceTree = "<group>"; };
		F4D0545F191AC93300E20A7A /* verified_thank_you.png */ = {isa = PBXFileReference; lastKnownFileType = image.png; path = verified_thank_you.png; sourceTree = "<group>"; };
		F4F04AFD1912A35D00135F35 /* BPBProduct.h */ = {isa = PBXFileReference; fileEncoding = 4; lastKnownFileType = sourcecode.c.h; path = BPBProduct.h; sourceTree = "<group>"; };
		F4F04AFE1912A35D00135F35 /* BPBProduct.m */ = {isa = PBXFileReference; fileEncoding = 4; lastKnownFileType = sourcecode.c.objc; path = BPBProduct.m; sourceTree = "<group>"; };
		F4F04B001912A41300135F35 /* BPBStore.h */ = {isa = PBXFileReference; fileEncoding = 4; lastKnownFileType = sourcecode.c.h; path = BPBStore.h; sourceTree = "<group>"; };
		F4F04B011912A41300135F35 /* BPBStore.m */ = {isa = PBXFileReference; fileEncoding = 4; lastKnownFileType = sourcecode.c.objc; path = BPBStore.m; sourceTree = "<group>"; };
		F4F04B031912ACD800135F35 /* chair.png */ = {isa = PBXFileReference; lastKnownFileType = image.png; path = chair.png; sourceTree = "<group>"; };
		F4F04B051912ACE800135F35 /* cups.png */ = {isa = PBXFileReference; lastKnownFileType = image.png; path = cups.png; sourceTree = "<group>"; };
		F4F04B061912ACE800135F35 /* office_tools.png */ = {isa = PBXFileReference; lastKnownFileType = image.png; path = office_tools.png; sourceTree = "<group>"; };
		F4F04B091912ACFC00135F35 /* wallet.png */ = {isa = PBXFileReference; lastKnownFileType = image.png; path = wallet.png; sourceTree = "<group>"; };
		F4F04B0B1912B5F900135F35 /* tag_this_item.png */ = {isa = PBXFileReference; lastKnownFileType = image.png; path = tag_this_item.png; sourceTree = "<group>"; };
		F4F04B0D1912B8DD00135F35 /* flag_this_item.png */ = {isa = PBXFileReference; lastKnownFileType = image.png; path = flag_this_item.png; sourceTree = "<group>"; };
		F4F0D47D191D27DB000A8AAF /* BPBVerfied.xib */ = {isa = PBXFileReference; fileEncoding = 4; lastKnownFileType = file.xib; path = BPBVerfied.xib; sourceTree = "<group>"; };
		F4F0D47F191D3918000A8AAF /* origin_alert_share.png */ = {isa = PBXFileReference; lastKnownFileType = image.png; path = origin_alert_share.png; sourceTree = "<group>"; };
		F4F0D481191D44EC000A8AAF /* reticle.png */ = {isa = PBXFileReference; lastKnownFileType = image.png; path = reticle.png; sourceTree = "<group>"; };
		F4F145841923C7BE00215F72 /* green_circle.png */ = {isa = PBXFileReference; lastKnownFileType = image.png; path = green_circle.png; sourceTree = "<group>"; };
		F4F1458619269D3100215F72 /* BPBGenericAnnotation.h */ = {isa = PBXFileReference; fileEncoding = 4; lastKnownFileType = sourcecode.c.h; path = BPBGenericAnnotation.h; sourceTree = "<group>"; };
		F4F1458719269D3100215F72 /* BPBGenericAnnotation.m */ = {isa = PBXFileReference; fileEncoding = 4; lastKnownFileType = sourcecode.c.objc; path = BPBGenericAnnotation.m; sourceTree = "<group>"; };
		F4F145891926ABB400215F72 /* BPBSlideView.h */ = {isa = PBXFileReference; fileEncoding = 4; lastKnownFileType = sourcecode.c.h; path = BPBSlideView.h; sourceTree = "<group>"; };
		F4F1458A1926ABB400215F72 /* BPBSlideView.m */ = {isa = PBXFileReference; fileEncoding = 4; lastKnownFileType = sourcecode.c.objc; path = BPBSlideView.m; sourceTree = "<group>"; };
		F4F1458C1926AFCC00215F72 /* barcodes-icon.png */ = {isa = PBXFileReference; lastKnownFileType = image.png; path = "barcodes-icon.png"; sourceTree = "<group>"; };
		F4F692D119211E84004AD8F8 /* green_leaf_bg.png */ = {isa = PBXFileReference; lastKnownFileType = image.png; path = green_leaf_bg.png; sourceTree = "<group>"; };
		F4F692DB19212C97004AD8F8 /* red_circle.png */ = {isa = PBXFileReference; lastKnownFileType = image.png; path = red_circle.png; sourceTree = "<group>"; };
		F4F692DD192142D3004AD8F8 /* BPBAnnotationCalloutView.h */ = {isa = PBXFileReference; fileEncoding = 4; lastKnownFileType = sourcecode.c.h; path = BPBAnnotationCalloutView.h; sourceTree = "<group>"; };
		F4F692DE192142D3004AD8F8 /* BPBAnnotationCalloutView.m */ = {isa = PBXFileReference; fileEncoding = 4; lastKnownFileType = sourcecode.c.objc; path = BPBAnnotationCalloutView.m; sourceTree = "<group>"; };
		F4F692E019214312004AD8F8 /* BPBAnnotationCalloutView.xib */ = {isa = PBXFileReference; fileEncoding = 4; lastKnownFileType = file.xib; path = BPBAnnotationCalloutView.xib; sourceTree = "<group>"; };
		F4F692E2192144C4004AD8F8 /* BPBAnnotationView.h */ = {isa = PBXFileReference; fileEncoding = 4; lastKnownFileType = sourcecode.c.h; path = BPBAnnotationView.h; sourceTree = "<group>"; };
		F4F692E3192144C4004AD8F8 /* BPBAnnotationView.m */ = {isa = PBXFileReference; fileEncoding = 4; lastKnownFileType = sourcecode.c.objc; path = BPBAnnotationView.m; sourceTree = "<group>"; };
		F4F692EB19215A97004AD8F8 /* annotation_background.png */ = {isa = PBXFileReference; lastKnownFileType = image.png; path = annotation_background.png; sourceTree = "<group>"; };
		F4F692ED1921613D004AD8F8 /* gray_arrow.png */ = {isa = PBXFileReference; lastKnownFileType = image.png; path = gray_arrow.png; sourceTree = "<group>"; };
		F4F692EE1921613D004AD8F8 /* see_less_arrow.png */ = {isa = PBXFileReference; lastKnownFileType = image.png; path = see_less_arrow.png; sourceTree = "<group>"; };
		F4F692F1192161A3004AD8F8 /* see_more_arrow.png */ = {isa = PBXFileReference; lastKnownFileType = image.png; path = see_more_arrow.png; sourceTree = "<group>"; };
/* End PBXFileReference section */

/* Begin PBXFrameworksBuildPhase section */
		F48EBE59190851C800935701 /* Frameworks */ = {
			isa = PBXFrameworksBuildPhase;
			buildActionMask = 2147483647;
			files = (
				F4958C40191C54B200318934 /* Social.framework in Frameworks */,
				F4958C3E191C381200318934 /* QuartzCore.framework in Frameworks */,
				F421587F1908A8DE00343326 /* CoreLocation.framework in Frameworks */,
				F48EBE9B190860CC00935701 /* MapKit.framework in Frameworks */,
				F48EBE62190851C800935701 /* CoreGraphics.framework in Frameworks */,
				F48EBE64190851C800935701 /* UIKit.framework in Frameworks */,
				F48EBE60190851C800935701 /* Foundation.framework in Frameworks */,
			);
			runOnlyForDeploymentPostprocessing = 0;
		};
		F48EBE74190851C800935701 /* Frameworks */ = {
			isa = PBXFrameworksBuildPhase;
			buildActionMask = 2147483647;
			files = (
				F48EBE79190851C800935701 /* XCTest.framework in Frameworks */,
				F48EBE7B190851C800935701 /* UIKit.framework in Frameworks */,
				F48EBE7A190851C800935701 /* Foundation.framework in Frameworks */,
			);
			runOnlyForDeploymentPostprocessing = 0;
		};
/* End PBXFrameworksBuildPhase section */

/* Begin PBXGroup section */
		F43309BA19095AD100AB4771 /* Model */ = {
			isa = PBXGroup;
			children = (
				F4F04AFD1912A35D00135F35 /* BPBProduct.h */,
				F4F04AFE1912A35D00135F35 /* BPBProduct.m */,
				F4F04B001912A41300135F35 /* BPBStore.h */,
				F4F04B011912A41300135F35 /* BPBStore.m */,
			);
			name = Model;
			sourceTree = "<group>";
		};
		F43309BB19095AD700AB4771 /* View */ = {
			isa = PBXGroup;
			children = (
				F4F692E2192144C4004AD8F8 /* BPBAnnotationView.h */,
				F4F692E3192144C4004AD8F8 /* BPBAnnotationView.m */,
				F4F692DD192142D3004AD8F8 /* BPBAnnotationCalloutView.h */,
				F4F692DE192142D3004AD8F8 /* BPBAnnotationCalloutView.m */,
				F4F692E019214312004AD8F8 /* BPBAnnotationCalloutView.xib */,
				F4D05451191AAD5700E20A7A /* BPBGoodStateViewController.xib */,
				F4F0D47D191D27DB000A8AAF /* BPBVerfied.xib */,
				F4D05447191A84D600E20A7A /* BPBHarmfulStateViewController.xib */,
				F4D0544C191A84E700E20A7A /* BPBUnknownStateViewController.xib */,
				F46BFA29190AD53C007D6385 /* BPBScannerViewController.xib */,
				F48EBE921908554100935701 /* BPBLoginViewController.xib */,
				F48EBE97190859CC00935701 /* BPBMainScreenViewController.xib */,
				F4F145891926ABB400215F72 /* BPBSlideView.h */,
				F4F1458A1926ABB400215F72 /* BPBSlideView.m */,
				F48E15961911C964000C575D /* PhotoCell.xib */,
				F48E15931911C898000C575D /* BPBOriginsPhotoCell.h */,
				F48E15941911C898000C575D /* BPBOriginsPhotoCell.m */,
				F4958C36191BF89E00318934 /* BPBFaceBookView.h */,
				F4958C37191BF89E00318934 /* BPBFaceBookView.m */,
				F4958C39191BF8C000318934 /* BPBFaceBookView.xib */,
				F43309B31909585B00AB4771 /* BPBStoreLocationAnnotation.h */,
				F43309B41909585B00AB4771 /* BPBStoreLocationAnnotation.m */,
			);
			name = View;
			sourceTree = "<group>";
		};
		F43309BC19095ADD00AB4771 /* Controller */ = {
			isa = PBXGroup;
			children = (
				F4D0545C191AC31300E20A7A /* BPBProductStateViewController.h */,
				F4D0545D191AC31300E20A7A /* BPBProductStateViewController.m */,
				F48EBE901908554100935701 /* BPBLoginViewController.h */,
				F48EBE911908554100935701 /* BPBLoginViewController.m */,
				F48EBE95190859CC00935701 /* BPBMainScreenViewController.h */,
				F48EBE96190859CC00935701 /* BPBMainScreenViewController.m */,
				F4F1458619269D3100215F72 /* BPBGenericAnnotation.h */,
				F4F1458719269D3100215F72 /* BPBGenericAnnotation.m */,
				F46BFA27190AD53C007D6385 /* BPBScannerViewController.h */,
				F46BFA28190AD53C007D6385 /* BPBScannerViewController.m */,
				F4D05445191A84D600E20A7A /* BPBHarmfulStateViewController.h */,
				F4D05446191A84D600E20A7A /* BPBHarmfulStateViewController.m */,
				F4D0544F191AAD5700E20A7A /* BPBGoodStateViewController.h */,
				F4D05450191AAD5700E20A7A /* BPBGoodStateViewController.m */,
				F4D0544A191A84E700E20A7A /* BPBUnknownStateViewController.h */,
				F4D0544B191A84E700E20A7A /* BPBUnknownStateViewController.m */,
			);
			name = Controller;
			sourceTree = "<group>";
		};
		F48EBE53190851C800935701 = {
			isa = PBXGroup;
			children = (
				F4C8F9A5191959DE00F499F7 /* Utils */,
				F43309BC19095ADD00AB4771 /* Controller */,
				F43309BB19095AD700AB4771 /* View */,
				F43309BA19095AD100AB4771 /* Model */,
				F48EBE65190851C800935701 /* Origins */,
				F48EBE7E190851C800935701 /* OriginsTests */,
				F48EBE5E190851C800935701 /* Frameworks */,
				F48EBE5D190851C800935701 /* Products */,
			);
			sourceTree = "<group>";
		};
		F48EBE5D190851C800935701 /* Products */ = {
			isa = PBXGroup;
			children = (
				F48EBE5C190851C800935701 /* Origins.app */,
				F48EBE77190851C800935701 /* OriginsTests.xctest */,
			);
			name = Products;
			sourceTree = "<group>";
		};
		F48EBE5E190851C800935701 /* Frameworks */ = {
			isa = PBXGroup;
			children = (
				F4958C3F191C54B200318934 /* Social.framework */,
				F4958C3D191C381200318934 /* QuartzCore.framework */,
				F421587E1908A8DE00343326 /* CoreLocation.framework */,
				F48EBE9A190860CC00935701 /* MapKit.framework */,
				F48EBE5F190851C800935701 /* Foundation.framework */,
				F48EBE61190851C800935701 /* CoreGraphics.framework */,
				F48EBE63190851C800935701 /* UIKit.framework */,
				F48EBE78190851C800935701 /* XCTest.framework */,
			);
			name = Frameworks;
			sourceTree = "<group>";
		};
		F48EBE65190851C800935701 /* Origins */ = {
			isa = PBXGroup;
			children = (
				F48EBE6E190851C800935701 /* BPBAppDelegate.h */,
				F48EBE6F190851C800935701 /* BPBAppDelegate.m */,
				F48EBE71190851C800935701 /* Images.xcassets */,
				F48EBE66190851C800935701 /* Supporting Files */,
			);
			path = Origins;
			sourceTree = "<group>";
		};
		F48EBE66190851C800935701 /* Supporting Files */ = {
			isa = PBXGroup;
			children = (
				F4F1458C1926AFCC00215F72 /* barcodes-icon.png */,
				F4F145841923C7BE00215F72 /* green_circle.png */,
				F4F692F1192161A3004AD8F8 /* see_more_arrow.png */,
				F4F692ED1921613D004AD8F8 /* gray_arrow.png */,
				F4F692EE1921613D004AD8F8 /* see_less_arrow.png */,
				F4F692EB19215A97004AD8F8 /* annotation_background.png */,
				F4F692DB19212C97004AD8F8 /* red_circle.png */,
				F4F692D119211E84004AD8F8 /* green_leaf_bg.png */,
				F4F0D481191D44EC000A8AAF /* reticle.png */,
				F4F0D47F191D3918000A8AAF /* origin_alert_share.png */,
				F4958C3B191BFCD700318934 /* post_to_facebook.png */,
				F4958C34191BF35C00318934 /* share_this_item.png */,
				F4D0545F191AC93300E20A7A /* verified_thank_you.png */,
				F4D05443191A7F9100E20A7A /* origin_alternatives.png */,
				F4D0543F191A7A9D00E20A7A /* not_origin_verified.png */,
				F4F04B0D1912B8DD00135F35 /* flag_this_item.png */,
				F4F04B0B1912B5F900135F35 /* tag_this_item.png */,
				F4F04B091912ACFC00135F35 /* wallet.png */,
				F4F04B051912ACE800135F35 /* cups.png */,
				F4F04B061912ACE800135F35 /* office_tools.png */,
				F4F04B031912ACD800135F35 /* chair.png */,
				F48E15981911CA97000C575D /* wood.png */,
				F46BFA25190AB7A5007D6385 /* origin_goods_ph.png */,
				F46BFA23190AB7A0007D6385 /* origins_ph.png */,
				F43309B819095A8D00AB4771 /* BPBConstants.h */,
				F48EBE67190851C800935701 /* Origins-Info.plist */,
				F48EBE68190851C800935701 /* InfoPlist.strings */,
				F48EBE6B190851C800935701 /* main.m */,
				F48EBE6D190851C800935701 /* Origins-Prefix.pch */,
			);
			name = "Supporting Files";
			sourceTree = "<group>";
		};
		F48EBE7E190851C800935701 /* OriginsTests */ = {
			isa = PBXGroup;
			children = (
				F48EBE84190851C800935701 /* OriginsTests.m */,
				F48EBE7F190851C800935701 /* Supporting Files */,
			);
			path = OriginsTests;
			sourceTree = "<group>";
		};
		F48EBE7F190851C800935701 /* Supporting Files */ = {
			isa = PBXGroup;
			children = (
				F48EBE80190851C800935701 /* OriginsTests-Info.plist */,
				F48EBE81190851C800935701 /* InfoPlist.strings */,
			);
			name = "Supporting Files";
			sourceTree = "<group>";
		};
		F4C8F9A5191959DE00F499F7 /* Utils */ = {
			isa = PBXGroup;
			children = (
				F496983519100976000BD8C3 /* BPBDataFetch.h */,
				F496983619100976000BD8C3 /* BPBDataFetch.m */,
			);
			name = Utils;
			sourceTree = "<group>";
		};
/* End PBXGroup section */

/* Begin PBXNativeTarget section */
		F48EBE5B190851C800935701 /* Origins */ = {
			isa = PBXNativeTarget;
			buildConfigurationList = F48EBE88190851C800935701 /* Build configuration list for PBXNativeTarget "Origins" */;
			buildPhases = (
				F48EBE58190851C800935701 /* Sources */,
				F48EBE59190851C800935701 /* Frameworks */,
				F48EBE5A190851C800935701 /* Resources */,
			);
			buildRules = (
			);
			dependencies = (
			);
			name = Origins;
			productName = Origins;
			productReference = F48EBE5C190851C800935701 /* Origins.app */;
			productType = "com.apple.product-type.application";
		};
		F48EBE76190851C800935701 /* OriginsTests */ = {
			isa = PBXNativeTarget;
			buildConfigurationList = F48EBE8B190851C800935701 /* Build configuration list for PBXNativeTarget "OriginsTests" */;
			buildPhases = (
				F48EBE73190851C800935701 /* Sources */,
				F48EBE74190851C800935701 /* Frameworks */,
				F48EBE75190851C800935701 /* Resources */,
			);
			buildRules = (
			);
			dependencies = (
				F48EBE7D190851C800935701 /* PBXTargetDependency */,
			);
			name = OriginsTests;
			productName = OriginsTests;
			productReference = F48EBE77190851C800935701 /* OriginsTests.xctest */;
			productType = "com.apple.product-type.bundle.unit-test";
		};
/* End PBXNativeTarget section */

/* Begin PBXProject section */
		F48EBE54190851C800935701 /* Project object */ = {
			isa = PBXProject;
			attributes = {
				CLASSPREFIX = BPB;
				LastUpgradeCheck = 0510;
				ORGANIZATIONNAME = "Spartan Systems";
				TargetAttributes = {
					F48EBE76190851C800935701 = {
						TestTargetID = F48EBE5B190851C800935701;
					};
				};
			};
			buildConfigurationList = F48EBE57190851C800935701 /* Build configuration list for PBXProject "Origins" */;
			compatibilityVersion = "Xcode 3.2";
			developmentRegion = English;
			hasScannedForEncodings = 0;
			knownRegions = (
				en,
			);
			mainGroup = F48EBE53190851C800935701;
			productRefGroup = F48EBE5D190851C800935701 /* Products */;
			projectDirPath = "";
			projectRoot = "";
			targets = (
				F48EBE5B190851C800935701 /* Origins */,
				F48EBE76190851C800935701 /* OriginsTests */,
			);
		};
/* End PBXProject section */

/* Begin PBXResourcesBuildPhase section */
		F48EBE5A190851C800935701 /* Resources */ = {
			isa = PBXResourcesBuildPhase;
			buildActionMask = 2147483647;
			files = (
				F4958C3C191BFCD700318934 /* post_to_facebook.png in Resources */,
				F4F04B081912ACE800135F35 /* office_tools.png in Resources */,
				F4D05460191AC93300E20A7A /* verified_thank_you.png in Resources */,
				F4F0D47E191D27DB000A8AAF /* BPBVerfied.xib in Resources */,
				F4958C3A191BF8C000318934 /* BPBFaceBookView.xib in Resources */,
				F4F1458D1926AFCC00215F72 /* barcodes-icon.png in Resources */,
				F4F04B0C1912B5F900135F35 /* tag_this_item.png in Resources */,
				F4F692EC19215A97004AD8F8 /* annotation_background.png in Resources */,
				F46BFA26190AB7A5007D6385 /* origin_goods_ph.png in Resources */,
				F4F692F01921613D004AD8F8 /* see_less_arrow.png in Resources */,
				F4F145851923C7BE00215F72 /* green_circle.png in Resources */,
				F4D05449191A84D600E20A7A /* BPBHarmfulStateViewController.xib in Resources */,
				F4F0D480191D3918000A8AAF /* origin_alert_share.png in Resources */,
				F4F692D219211E84004AD8F8 /* green_leaf_bg.png in Resources */,
				F4D05444191A7F9100E20A7A /* origin_alternatives.png in Resources */,
				F46BFA24190AB7A0007D6385 /* origins_ph.png in Resources */,
				F4D05440191A7A9D00E20A7A /* not_origin_verified.png in Resources */,
				F4958C35191BF35C00318934 /* share_this_item.png in Resources */,
				F4D05453191AAD5700E20A7A /* BPBGoodStateViewController.xib in Resources */,
				F4F692DC19212C97004AD8F8 /* red_circle.png in Resources */,
				F4F04B0E1912B8DD00135F35 /* flag_this_item.png in Resources */,
				F4F04B071912ACE800135F35 /* cups.png in Resources */,
				F4F04B041912ACD800135F35 /* chair.png in Resources */,
				F4F692F2192161A3004AD8F8 /* see_more_arrow.png in Resources */,
				F48EBE99190859CC00935701 /* BPBMainScreenViewController.xib in Resources */,
				F46BFA2B190AD53C007D6385 /* BPBScannerViewController.xib in Resources */,
				F48EBE6A190851C800935701 /* InfoPlist.strings in Resources */,
				F4F04B0A1912ACFC00135F35 /* wallet.png in Resources */,
				F48E15991911CA97000C575D /* wood.png in Resources */,
				F4D0544E191A84E700E20A7A /* BPBUnknownStateViewController.xib in Resources */,
				F48E15971911C964000C575D /* PhotoCell.xib in Resources */,
				F4F0D482191D44EC000A8AAF /* reticle.png in Resources */,
				F4F692E119214312004AD8F8 /* BPBAnnotationCalloutView.xib in Resources */,
				F48EBE941908554100935701 /* BPBLoginViewController.xib in Resources */,
				F4F692EF1921613D004AD8F8 /* gray_arrow.png in Resources */,
				F48EBE72190851C800935701 /* Images.xcassets in Resources */,
			);
			runOnlyForDeploymentPostprocessing = 0;
		};
		F48EBE75190851C800935701 /* Resources */ = {
			isa = PBXResourcesBuildPhase;
			buildActionMask = 2147483647;
			files = (
				F48EBE83190851C800935701 /* InfoPlist.strings in Resources */,
			);
			runOnlyForDeploymentPostprocessing = 0;
		};
/* End PBXResourcesBuildPhase section */

/* Begin PBXSourcesBuildPhase section */
		F48EBE58190851C800935701 /* Sources */ = {
			isa = PBXSourcesBuildPhase;
			buildActionMask = 2147483647;
			files = (
				F4D0544D191A84E700E20A7A /* BPBUnknownStateViewController.m in Sources */,
				F4F04AFF1912A35D00135F35 /* BPBProduct.m in Sources */,
				F48EBE98190859CC00935701 /* BPBMainScreenViewController.m in Sources */,
				F4F1458B1926ABB400215F72 /* BPBSlideView.m in Sources */,
				F4F692DF192142D3004AD8F8 /* BPBAnnotationCalloutView.m in Sources */,
				F4F04B021912A41300135F35 /* BPBStore.m in Sources */,
				F4F1458819269D3100215F72 /* BPBGenericAnnotation.m in Sources */,
				F4D0545E191AC31300E20A7A /* BPBProductStateViewController.m in Sources */,
				F4958C38191BF89E00318934 /* BPBFaceBookView.m in Sources */,
				F43309B51909585B00AB4771 /* BPBStoreLocationAnnotation.m in Sources */,
				F48EBE6C190851C800935701 /* main.m in Sources */,
				F46BFA2A190AD53C007D6385 /* BPBScannerViewController.m in Sources */,
				F4F692E4192144C4004AD8F8 /* BPBAnnotationView.m in Sources */,
				F48E15951911C898000C575D /* BPBOriginsPhotoCell.m in Sources */,
				F48EBE70190851C800935701 /* BPBAppDelegate.m in Sources */,
				F48EBE931908554100935701 /* BPBLoginViewController.m in Sources */,
				F4D05448191A84D600E20A7A /* BPBHarmfulStateViewController.m in Sources */,
				F496983719100976000BD8C3 /* BPBDataFetch.m in Sources */,
				F4D05452191AAD5700E20A7A /* BPBGoodStateViewController.m in Sources */,
			);
			runOnlyForDeploymentPostprocessing = 0;
		};
		F48EBE73190851C800935701 /* Sources */ = {
			isa = PBXSourcesBuildPhase;
			buildActionMask = 2147483647;
			files = (
				F48EBE85190851C800935701 /* OriginsTests.m in Sources */,
			);
			runOnlyForDeploymentPostprocessing = 0;
		};
/* End PBXSourcesBuildPhase section */

/* Begin PBXTargetDependency section */
		F48EBE7D190851C800935701 /* PBXTargetDependency */ = {
			isa = PBXTargetDependency;
			target = F48EBE5B190851C800935701 /* Origins */;
			targetProxy = F48EBE7C190851C800935701 /* PBXContainerItemProxy */;
		};
/* End PBXTargetDependency section */

/* Begin PBXVariantGroup section */
		F48EBE68190851C800935701 /* InfoPlist.strings */ = {
			isa = PBXVariantGroup;
			children = (
				F48EBE69190851C800935701 /* en */,
			);
			name = InfoPlist.strings;
			sourceTree = "<group>";
		};
		F48EBE81190851C800935701 /* InfoPlist.strings */ = {
			isa = PBXVariantGroup;
			children = (
				F48EBE82190851C800935701 /* en */,
			);
			name = InfoPlist.strings;
			sourceTree = "<group>";
		};
/* End PBXVariantGroup section */

/* Begin XCBuildConfiguration section */
		F48EBE86190851C800935701 /* Debug */ = {
			isa = XCBuildConfiguration;
			buildSettings = {
				ALWAYS_SEARCH_USER_PATHS = NO;
				CLANG_CXX_LANGUAGE_STANDARD = "gnu++0x";
				CLANG_CXX_LIBRARY = "libc++";
				CLANG_ENABLE_MODULES = YES;
				CLANG_ENABLE_OBJC_ARC = YES;
				CLANG_WARN_BOOL_CONVERSION = YES;
				CLANG_WARN_CONSTANT_CONVERSION = YES;
				CLANG_WARN_DIRECT_OBJC_ISA_USAGE = YES_ERROR;
				CLANG_WARN_EMPTY_BODY = YES;
				CLANG_WARN_ENUM_CONVERSION = YES;
				CLANG_WARN_INT_CONVERSION = YES;
				CLANG_WARN_OBJC_ROOT_CLASS = YES_ERROR;
				CLANG_WARN__DUPLICATE_METHOD_MATCH = YES;
				"CODE_SIGN_IDENTITY[sdk=iphoneos*]" = "iPhone Developer";
				COPY_PHASE_STRIP = NO;
				GCC_C_LANGUAGE_STANDARD = gnu99;
				GCC_DYNAMIC_NO_PIC = NO;
				GCC_OPTIMIZATION_LEVEL = 0;
				GCC_PREPROCESSOR_DEFINITIONS = (
					"DEBUG=1",
					"$(inherited)",
				);
				GCC_SYMBOLS_PRIVATE_EXTERN = NO;
				GCC_WARN_64_TO_32_BIT_CONVERSION = YES;
				GCC_WARN_ABOUT_RETURN_TYPE = YES_ERROR;
				GCC_WARN_UNDECLARED_SELECTOR = YES;
				GCC_WARN_UNINITIALIZED_AUTOS = YES_AGGRESSIVE;
				GCC_WARN_UNUSED_FUNCTION = YES;
				GCC_WARN_UNUSED_VARIABLE = YES;
				IPHONEOS_DEPLOYMENT_TARGET = 7.1;
				ONLY_ACTIVE_ARCH = YES;
				SDKROOT = iphoneos;
			};
			name = Debug;
		};
		F48EBE87190851C800935701 /* Release */ = {
			isa = XCBuildConfiguration;
			buildSettings = {
				ALWAYS_SEARCH_USER_PATHS = NO;
				CLANG_CXX_LANGUAGE_STANDARD = "gnu++0x";
				CLANG_CXX_LIBRARY = "libc++";
				CLANG_ENABLE_MODULES = YES;
				CLANG_ENABLE_OBJC_ARC = YES;
				CLANG_WARN_BOOL_CONVERSION = YES;
				CLANG_WARN_CONSTANT_CONVERSION = YES;
				CLANG_WARN_DIRECT_OBJC_ISA_USAGE = YES_ERROR;
				CLANG_WARN_EMPTY_BODY = YES;
				CLANG_WARN_ENUM_CONVERSION = YES;
				CLANG_WARN_INT_CONVERSION = YES;
				CLANG_WARN_OBJC_ROOT_CLASS = YES_ERROR;
				CLANG_WARN__DUPLICATE_METHOD_MATCH = YES;
				"CODE_SIGN_IDENTITY[sdk=iphoneos*]" = "iPhone Developer";
				COPY_PHASE_STRIP = YES;
				ENABLE_NS_ASSERTIONS = NO;
				GCC_C_LANGUAGE_STANDARD = gnu99;
				GCC_WARN_64_TO_32_BIT_CONVERSION = YES;
				GCC_WARN_ABOUT_RETURN_TYPE = YES_ERROR;
				GCC_WARN_UNDECLARED_SELECTOR = YES;
				GCC_WARN_UNINITIALIZED_AUTOS = YES_AGGRESSIVE;
				GCC_WARN_UNUSED_FUNCTION = YES;
				GCC_WARN_UNUSED_VARIABLE = YES;
				IPHONEOS_DEPLOYMENT_TARGET = 7.1;
				SDKROOT = iphoneos;
				VALIDATE_PRODUCT = YES;
			};
			name = Release;
		};
		F48EBE89190851C800935701 /* Debug */ = {
			isa = XCBuildConfiguration;
			buildSettings = {
				ASSETCATALOG_COMPILER_APPICON_NAME = AppIcon;
				ASSETCATALOG_COMPILER_LAUNCHIMAGE_NAME = LaunchImage;
				FRAMEWORK_SEARCH_PATHS = (
					"$(inherited)",
					/Users/home/Documents/FacebookSDK,
				);
				GCC_PRECOMPILE_PREFIX_HEADER = YES;
				GCC_PREFIX_HEADER = "Origins/Origins-Prefix.pch";
				INFOPLIST_FILE = "Origins/Origins-Info.plist";
				IPHONEOS_DEPLOYMENT_TARGET = 7.1;
				PRODUCT_NAME = "$(TARGET_NAME)";
				TARGETED_DEVICE_FAMILY = 1;
				WRAPPER_EXTENSION = app;
			};
			name = Debug;
		};
		F48EBE8A190851C800935701 /* Release */ = {
			isa = XCBuildConfiguration;
			buildSettings = {
				ASSETCATALOG_COMPILER_APPICON_NAME = AppIcon;
				ASSETCATALOG_COMPILER_LAUNCHIMAGE_NAME = LaunchImage;
				FRAMEWORK_SEARCH_PATHS = (
					"$(inherited)",
					/Users/home/Documents/FacebookSDK,
				);
				GCC_PRECOMPILE_PREFIX_HEADER = YES;
				GCC_PREFIX_HEADER = "Origins/Origins-Prefix.pch";
				INFOPLIST_FILE = "Origins/Origins-Info.plist";
				IPHONEOS_DEPLOYMENT_TARGET = 7.1;
				PRODUCT_NAME = "$(TARGET_NAME)";
				TARGETED_DEVICE_FAMILY = 1;
				WRAPPER_EXTENSION = app;
			};
			name = Release;
		};
		F48EBE8C190851C800935701 /* Debug */ = {
			isa = XCBuildConfiguration;
			buildSettings = {
				BUNDLE_LOADER = "$(BUILT_PRODUCTS_DIR)/Origins.app/Origins";
				FRAMEWORK_SEARCH_PATHS = (
					"$(SDKROOT)/Developer/Library/Frameworks",
					"$(inherited)",
					"$(DEVELOPER_FRAMEWORKS_DIR)",
				);
				GCC_PRECOMPILE_PREFIX_HEADER = YES;
				GCC_PREFIX_HEADER = "Origins/Origins-Prefix.pch";
				GCC_PREPROCESSOR_DEFINITIONS = (
					"DEBUG=1",
					"$(inherited)",
				);
				INFOPLIST_FILE = "OriginsTests/OriginsTests-Info.plist";
				PRODUCT_NAME = "$(TARGET_NAME)";
				TEST_HOST = "$(BUNDLE_LOADER)";
				WRAPPER_EXTENSION = xctest;
			};
			name = Debug;
		};
		F48EBE8D190851C800935701 /* Release */ = {
			isa = XCBuildConfiguration;
			buildSettings = {
				BUNDLE_LOADER = "$(BUILT_PRODUCTS_DIR)/Origins.app/Origins";
				FRAMEWORK_SEARCH_PATHS = (
					"$(SDKROOT)/Developer/Library/Frameworks",
					"$(inherited)",
					"$(DEVELOPER_FRAMEWORKS_DIR)",
				);
				GCC_PRECOMPILE_PREFIX_HEADER = YES;
				GCC_PREFIX_HEADER = "Origins/Origins-Prefix.pch";
				INFOPLIST_FILE = "OriginsTests/OriginsTests-Info.plist";
				PRODUCT_NAME = "$(TARGET_NAME)";
				TEST_HOST = "$(BUNDLE_LOADER)";
				WRAPPER_EXTENSION = xctest;
			};
			name = Release;
		};
/* End XCBuildConfiguration section */

/* Begin XCConfigurationList section */
		F48EBE57190851C800935701 /* Build configuration list for PBXProject "Origins" */ = {
			isa = XCConfigurationList;
			buildConfigurations = (
				F48EBE86190851C800935701 /* Debug */,
				F48EBE87190851C800935701 /* Release */,
			);
			defaultConfigurationIsVisible = 0;
			defaultConfigurationName = Release;
		};
		F48EBE88190851C800935701 /* Build configuration list for PBXNativeTarget "Origins" */ = {
			isa = XCConfigurationList;
			buildConfigurations = (
				F48EBE89190851C800935701 /* Debug */,
				F48EBE8A190851C800935701 /* Release */,
			);
			defaultConfigurationIsVisible = 0;
			defaultConfigurationName = Release;
		};
		F48EBE8B190851C800935701 /* Build configuration list for PBXNativeTarget "OriginsTests" */ = {
			isa = XCConfigurationList;
			buildConfigurations = (
				F48EBE8C190851C800935701 /* Debug */,
				F48EBE8D190851C800935701 /* Release */,
			);
			defaultConfigurationIsVisible = 0;
			defaultConfigurationName = Release;
		};
/* End XCConfigurationList section */
	};
	rootObject = F48EBE54190851C800935701 /* Project object */;
}
