// !$*UTF8*$!
{
	archiveVersion = 1;
	classes = {
	};
	objectVersion = 46;
	objects = {

/* Begin PBXBuildFile section */
		F421587F1908A8DE00343326 /* CoreLocation.framework in Frameworks */ = {isa = PBXBuildFile; fileRef = F421587E1908A8DE00343326 /* CoreLocation.framework */; };
		F43309B51909585B00AB4771 /* BPBStoreLocationAnnotation.m in Sources */ = {isa = PBXBuildFile; fileRef = F43309B41909585B00AB4771 /* BPBStoreLocationAnnotation.m */; };
		F48EBE60190851C800935701 /* Foundation.framework in Frameworks */ = {isa = PBXBuildFile; fileRef = F48EBE5F190851C800935701 /* Foundation.framework */; };
		F48EBE62190851C800935701 /* CoreGraphics.framework in Frameworks */ = {isa = PBXBuildFile; fileRef = F48EBE61190851C800935701 /* CoreGraphics.framework */; };
		F48EBE64190851C800935701 /* UIKit.framework in Frameworks */ = {isa = PBXBuildFile; fileRef = F48EBE63190851C800935701 /* UIKit.framework */; };
		F48EBE6A190851C800935701 /* InfoPlist.strings in Resources */ = {isa = PBXBuildFile; fileRef = F48EBE68190851C800935701 /* InfoPlist.strings */; };
		F48EBE6C190851C800935701 /* main.m in Sources */ = {isa = PBXBuildFile; fileRef = F48EBE6B190851C800935701 /* main.m */; };
		F48EBE70190851C800935701 /* BPBAppDelegate.m in Sources */ = {isa = PBXBuildFile; fileRef = F48EBE6F190851C800935701 /* BPBAppDelegate.m */; };
		F48EBE72190851C800935701 /* Images.xcassets in Resources */ = {isa = PBXBuildFile; fileRef = F48EBE71190851C800935701 /* Images.xcassets */; };
		F48EBE79190851C800935701 /* XCTest.framework in Frameworks */ = {isa = PBXBuildFile; fileRef = F48EBE78190851C800935701 /* XCTest.framework */; };
		F48EBE7A190851C800935701 /* Foundation.framework in Frameworks */ = {isa = PBXBuildFile; fileRef = F48EBE5F190851C800935701 /* Foundation.framework */; };
		F48EBE7B190851C800935701 /* UIKit.framework in Frameworks */ = {isa = PBXBuildFile; fileRef = F48EBE63190851C800935701 /* UIKit.framework */; };
		F48EBE83190851C800935701 /* InfoPlist.strings in Resources */ = {isa = PBXBuildFile; fileRef = F48EBE81190851C800935701 /* InfoPlist.strings */; };
		F48EBE85190851C800935701 /* OriginsTests.m in Sources */ = {isa = PBXBuildFile; fileRef = F48EBE84190851C800935701 /* OriginsTests.m */; };
		F48EBE931908554100935701 /* BPBLoginViewController.m in Sources */ = {isa = PBXBuildFile; fileRef = F48EBE911908554100935701 /* BPBLoginViewController.m */; };
		F48EBE941908554100935701 /* BPBLoginViewController.xib in Resources */ = {isa = PBXBuildFile; fileRef = F48EBE921908554100935701 /* BPBLoginViewController.xib */; };
		F48EBE98190859CC00935701 /* BPBMainScreenViewController.m in Sources */ = {isa = PBXBuildFile; fileRef = F48EBE96190859CC00935701 /* BPBMainScreenViewController.m */; };
		F48EBE99190859CC00935701 /* BPBMainScreenViewController.xib in Resources */ = {isa = PBXBuildFile; fileRef = F48EBE97190859CC00935701 /* BPBMainScreenViewController.xib */; };
		F48EBE9B190860CC00935701 /* MapKit.framework in Frameworks */ = {isa = PBXBuildFile; fileRef = F48EBE9A190860CC00935701 /* MapKit.framework */; };
/* End PBXBuildFile section */

/* Begin PBXContainerItemProxy section */
		F48EBE7C190851C800935701 /* PBXContainerItemProxy */ = {
			isa = PBXContainerItemProxy;
			containerPortal = F48EBE54190851C800935701 /* Project object */;
			proxyType = 1;
			remoteGlobalIDString = F48EBE5B190851C800935701;
			remoteInfo = Origins;
		};
/* End PBXContainerItemProxy section */

/* Begin PBXFileReference section */
		F421587E1908A8DE00343326 /* CoreLocation.framework */ = {isa = PBXFileReference; lastKnownFileType = wrapper.framework; name = CoreLocation.framework; path = System/Library/Frameworks/CoreLocation.framework; sourceTree = SDKROOT; };
		F43309B31909585B00AB4771 /* BPBStoreLocationAnnotation.h */ = {isa = PBXFileReference; fileEncoding = 4; lastKnownFileType = sourcecode.c.h; name = BPBStoreLocationAnnotation.h; path = Origins/BPBStoreLocationAnnotation.h; sourceTree = "<group>"; };
		F43309B41909585B00AB4771 /* BPBStoreLocationAnnotation.m */ = {isa = PBXFileReference; fileEncoding = 4; lastKnownFileType = sourcecode.c.objc; name = BPBStoreLocationAnnotation.m; path = Origins/BPBStoreLocationAnnotation.m; sourceTree = "<group>"; };
		F43309B819095A8D00AB4771 /* BPBConstants.h */ = {isa = PBXFileReference; lastKnownFileType = sourcecode.c.h; path = BPBConstants.h; sourceTree = "<group>"; };
		F48EBE5C190851C800935701 /* Origins.app */ = {isa = PBXFileReference; explicitFileType = wrapper.application; includeInIndex = 0; path = Origins.app; sourceTree = BUILT_PRODUCTS_DIR; };
		F48EBE5F190851C800935701 /* Foundation.framework */ = {isa = PBXFileReference; lastKnownFileType = wrapper.framework; name = Foundation.framework; path = System/Library/Frameworks/Foundation.framework; sourceTree = SDKROOT; };
		F48EBE61190851C800935701 /* CoreGraphics.framework */ = {isa = PBXFileReference; lastKnownFileType = wrapper.framework; name = CoreGraphics.framework; path = System/Library/Frameworks/CoreGraphics.framework; sourceTree = SDKROOT; };
		F48EBE63190851C800935701 /* UIKit.framework */ = {isa = PBXFileReference; lastKnownFileType = wrapper.framework; name = UIKit.framework; path = System/Library/Frameworks/UIKit.framework; sourceTree = SDKROOT; };
		F48EBE67190851C800935701 /* Origins-Info.plist */ = {isa = PBXFileReference; lastKnownFileType = text.plist.xml; path = "Origins-Info.plist"; sourceTree = "<group>"; };
		F48EBE69190851C800935701 /* en */ = {isa = PBXFileReference; lastKnownFileType = text.plist.strings; name = en; path = en.lproj/InfoPlist.strings; sourceTree = "<group>"; };
		F48EBE6B190851C800935701 /* main.m */ = {isa = PBXFileReference; lastKnownFileType = sourcecode.c.objc; path = main.m; sourceTree = "<group>"; };
		F48EBE6D190851C800935701 /* Origins-Prefix.pch */ = {isa = PBXFileReference; lastKnownFileType = sourcecode.c.h; path = "Origins-Prefix.pch"; sourceTree = "<group>"; };
		F48EBE6E190851C800935701 /* BPBAppDelegate.h */ = {isa = PBXFileReference; lastKnownFileType = sourcecode.c.h; path = BPBAppDelegate.h; sourceTree = "<group>"; };
		F48EBE6F190851C800935701 /* BPBAppDelegate.m */ = {isa = PBXFileReference; lastKnownFileType = sourcecode.c.objc; path = BPBAppDelegate.m; sourceTree = "<group>"; };
		F48EBE71190851C800935701 /* Images.xcassets */ = {isa = PBXFileReference; lastKnownFileType = folder.assetcatalog; path = Images.xcassets; sourceTree = "<group>"; };
		F48EBE77190851C800935701 /* OriginsTests.xctest */ = {isa = PBXFileReference; explicitFileType = wrapper.cfbundle; includeInIndex = 0; path = OriginsTests.xctest; sourceTree = BUILT_PRODUCTS_DIR; };
		F48EBE78190851C800935701 /* XCTest.framework */ = {isa = PBXFileReference; lastKnownFileType = wrapper.framework; name = XCTest.framework; path = Library/Frameworks/XCTest.framework; sourceTree = DEVELOPER_DIR; };
		F48EBE80190851C800935701 /* OriginsTests-Info.plist */ = {isa = PBXFileReference; lastKnownFileType = text.plist.xml; path = "OriginsTests-Info.plist"; sourceTree = "<group>"; };
		F48EBE82190851C800935701 /* en */ = {isa = PBXFileReference; lastKnownFileType = text.plist.strings; name = en; path = en.lproj/InfoPlist.strings; sourceTree = "<group>"; };
		F48EBE84190851C800935701 /* OriginsTests.m */ = {isa = PBXFileReference; lastKnownFileType = sourcecode.c.objc; path = OriginsTests.m; sourceTree = "<group>"; };
		F48EBE901908554100935701 /* BPBLoginViewController.h */ = {isa = PBXFileReference; fileEncoding = 4; lastKnownFileType = sourcecode.c.h; name = BPBLoginViewController.h; path = Origins/BPBLoginViewController.h; sourceTree = "<group>"; };
		F48EBE911908554100935701 /* BPBLoginViewController.m */ = {isa = PBXFileReference; fileEncoding = 4; lastKnownFileType = sourcecode.c.objc; name = BPBLoginViewController.m; path = Origins/BPBLoginViewController.m; sourceTree = "<group>"; };
		F48EBE921908554100935701 /* BPBLoginViewController.xib */ = {isa = PBXFileReference; fileEncoding = 4; lastKnownFileType = file.xib; name = BPBLoginViewController.xib; path = Origins/BPBLoginViewController.xib; sourceTree = "<group>"; };
		F48EBE95190859CC00935701 /* BPBMainScreenViewController.h */ = {isa = PBXFileReference; fileEncoding = 4; lastKnownFileType = sourcecode.c.h; name = BPBMainScreenViewController.h; path = Origins/BPBMainScreenViewController.h; sourceTree = "<group>"; };
		F48EBE96190859CC00935701 /* BPBMainScreenViewController.m */ = {isa = PBXFileReference; fileEncoding = 4; lastKnownFileType = sourcecode.c.objc; name = BPBMainScreenViewController.m; path = Origins/BPBMainScreenViewController.m; sourceTree = "<group>"; };
		F48EBE97190859CC00935701 /* BPBMainScreenViewController.xib */ = {isa = PBXFileReference; fileEncoding = 4; lastKnownFileType = file.xib; name = BPBMainScreenViewController.xib; path = Origins/BPBMainScreenViewController.xib; sourceTree = "<group>"; };
		F48EBE9A190860CC00935701 /* MapKit.framework */ = {isa = PBXFileReference; lastKnownFileType = wrapper.framework; name = MapKit.framework; path = System/Library/Frameworks/MapKit.framework; sourceTree = SDKROOT; };
/* End PBXFileReference section */

/* Begin PBXFrameworksBuildPhase section */
		F48EBE59190851C800935701 /* Frameworks */ = {
			isa = PBXFrameworksBuildPhase;
			buildActionMask = 2147483647;
			files = (
				F421587F1908A8DE00343326 /* CoreLocation.framework in Frameworks */,
				F48EBE9B190860CC00935701 /* MapKit.framework in Frameworks */,
				F48EBE62190851C800935701 /* CoreGraphics.framework in Frameworks */,
				F48EBE64190851C800935701 /* UIKit.framework in Frameworks */,
				F48EBE60190851C800935701 /* Foundation.framework in Frameworks */,
			);
			runOnlyForDeploymentPostprocessing = 0;
		};
		F48EBE74190851C800935701 /* Frameworks */ = {
			isa = PBXFrameworksBuildPhase;
			buildActionMask = 2147483647;
			files = (
				F48EBE79190851C800935701 /* XCTest.framework in Frameworks */,
				F48EBE7B190851C800935701 /* UIKit.framework in Frameworks */,
				F48EBE7A190851C800935701 /* Foundation.framework in Frameworks */,
			);
			runOnlyForDeploymentPostprocessing = 0;
		};
/* End PBXFrameworksBuildPhase section */

/* Begin PBXGroup section */
		F43309BA19095AD100AB4771 /* Model */ = {
			isa = PBXGroup;
			children = (
				F43309B31909585B00AB4771 /* BPBStoreLocationAnnotation.h */,
				F43309B41909585B00AB4771 /* BPBStoreLocationAnnotation.m */,
			);
			name = Model;
			sourceTree = "<group>";
		};
		F43309BB19095AD700AB4771 /* View */ = {
			isa = PBXGroup;
			children = (
				F48EBE921908554100935701 /* BPBLoginViewController.xib */,
				F48EBE97190859CC00935701 /* BPBMainScreenViewController.xib */,
			);
			name = View;
			sourceTree = "<group>";
		};
		F43309BC19095ADD00AB4771 /* Controller */ = {
			isa = PBXGroup;
			children = (
				F48EBE901908554100935701 /* BPBLoginViewController.h */,
				F48EBE911908554100935701 /* BPBLoginViewController.m */,
				F48EBE95190859CC00935701 /* BPBMainScreenViewController.h */,
				F48EBE96190859CC00935701 /* BPBMainScreenViewController.m */,
			);
			name = Controller;
			sourceTree = "<group>";
		};
		F48EBE53190851C800935701 = {
			isa = PBXGroup;
			children = (
				F43309BC19095ADD00AB4771 /* Controller */,
				F43309BB19095AD700AB4771 /* View */,
				F43309BA19095AD100AB4771 /* Model */,
				F48EBE65190851C800935701 /* Origins */,
				F48EBE7E190851C800935701 /* OriginsTests */,
				F48EBE5E190851C800935701 /* Frameworks */,
				F48EBE5D190851C800935701 /* Products */,
			);
			sourceTree = "<group>";
		};
		F48EBE5D190851C800935701 /* Products */ = {
			isa = PBXGroup;
			children = (
				F48EBE5C190851C800935701 /* Origins.app */,
				F48EBE77190851C800935701 /* OriginsTests.xctest */,
			);
			name = Products;
			sourceTree = "<group>";
		};
		F48EBE5E190851C800935701 /* Frameworks */ = {
			isa = PBXGroup;
			children = (
				F421587E1908A8DE00343326 /* CoreLocation.framework */,
				F48EBE9A190860CC00935701 /* MapKit.framework */,
				F48EBE5F190851C800935701 /* Foundation.framework */,
				F48EBE61190851C800935701 /* CoreGraphics.framework */,
				F48EBE63190851C800935701 /* UIKit.framework */,
				F48EBE78190851C800935701 /* XCTest.framework */,
			);
			name = Frameworks;
			sourceTree = "<group>";
		};
		F48EBE65190851C800935701 /* Origins */ = {
			isa = PBXGroup;
			children = (
				F48EBE6E190851C800935701 /* BPBAppDelegate.h */,
				F48EBE6F190851C800935701 /* BPBAppDelegate.m */,
				F48EBE71190851C800935701 /* Images.xcassets */,
				F48EBE66190851C800935701 /* Supporting Files */,
			);
			path = Origins;
			sourceTree = "<group>";
		};
		F48EBE66190851C800935701 /* Supporting Files */ = {
			isa = PBXGroup;
			children = (
				F43309B819095A8D00AB4771 /* BPBConstants.h */,
				F48EBE67190851C800935701 /* Origins-Info.plist */,
				F48EBE68190851C800935701 /* InfoPlist.strings */,
				F48EBE6B190851C800935701 /* main.m */,
				F48EBE6D190851C800935701 /* Origins-Prefix.pch */,
			);
			name = "Supporting Files";
			sourceTree = "<group>";
		};
		F48EBE7E190851C800935701 /* OriginsTests */ = {
			isa = PBXGroup;
			children = (
				F48EBE84190851C800935701 /* OriginsTests.m */,
				F48EBE7F190851C800935701 /* Supporting Files */,
			);
			path = OriginsTests;
			sourceTree = "<group>";
		};
		F48EBE7F190851C800935701 /* Supporting Files */ = {
			isa = PBXGroup;
			children = (
				F48EBE80190851C800935701 /* OriginsTests-Info.plist */,
				F48EBE81190851C800935701 /* InfoPlist.strings */,
			);
			name = "Supporting Files";
			sourceTree = "<group>";
		};
/* End PBXGroup section */

/* Begin PBXNativeTarget section */
		F48EBE5B190851C800935701 /* Origins */ = {
			isa = PBXNativeTarget;
			buildConfigurationList = F48EBE88190851C800935701 /* Build configuration list for PBXNativeTarget "Origins" */;
			buildPhases = (
				F48EBE58190851C800935701 /* Sources */,
				F48EBE59190851C800935701 /* Frameworks */,
				F48EBE5A190851C800935701 /* Resources */,
			);
			buildRules = (
			);
			dependencies = (
			);
			name = Origins;
			productName = Origins;
			productReference = F48EBE5C190851C800935701 /* Origins.app */;
			productType = "com.apple.product-type.application";
		};
		F48EBE76190851C800935701 /* OriginsTests */ = {
			isa = PBXNativeTarget;
			buildConfigurationList = F48EBE8B190851C800935701 /* Build configuration list for PBXNativeTarget "OriginsTests" */;
			buildPhases = (
				F48EBE73190851C800935701 /* Sources */,
				F48EBE74190851C800935701 /* Frameworks */,
				F48EBE75190851C800935701 /* Resources */,
			);
			buildRules = (
			);
			dependencies = (
				F48EBE7D190851C800935701 /* PBXTargetDependency */,
			);
			name = OriginsTests;
			productName = OriginsTests;
			productReference = F48EBE77190851C800935701 /* OriginsTests.xctest */;
			productType = "com.apple.product-type.bundle.unit-test";
		};
/* End PBXNativeTarget section */

/* Begin PBXProject section */
		F48EBE54190851C800935701 /* Project object */ = {
			isa = PBXProject;
			attributes = {
				CLASSPREFIX = BPB;
				LastUpgradeCheck = 0510;
				ORGANIZATIONNAME = "Spartan Systems";
				TargetAttributes = {
					F48EBE76190851C800935701 = {
						TestTargetID = F48EBE5B190851C800935701;
					};
				};
			};
			buildConfigurationList = F48EBE57190851C800935701 /* Build configuration list for PBXProject "Origins" */;
			compatibilityVersion = "Xcode 3.2";
			developmentRegion = English;
			hasScannedForEncodings = 0;
			knownRegions = (
				en,
			);
			mainGroup = F48EBE53190851C800935701;
			productRefGroup = F48EBE5D190851C800935701 /* Products */;
			projectDirPath = "";
			projectRoot = "";
			targets = (
				F48EBE5B190851C800935701 /* Origins */,
				F48EBE76190851C800935701 /* OriginsTests */,
			);
		};
/* End PBXProject section */

/* Begin PBXResourcesBuildPhase section */
		F48EBE5A190851C800935701 /* Resources */ = {
			isa = PBXResourcesBuildPhase;
			buildActionMask = 2147483647;
			files = (
				F48EBE99190859CC00935701 /* BPBMainScreenViewController.xib in Resources */,
				F48EBE6A190851C800935701 /* InfoPlist.strings in Resources */,
				F48EBE941908554100935701 /* BPBLoginViewController.xib in Resources */,
				F48EBE72190851C800935701 /* Images.xcassets in Resources */,
			);
			runOnlyForDeploymentPostprocessing = 0;
		};
		F48EBE75190851C800935701 /* Resources */ = {
			isa = PBXResourcesBuildPhase;
			buildActionMask = 2147483647;
			files = (
				F48EBE83190851C800935701 /* InfoPlist.strings in Resources */,
			);
			runOnlyForDeploymentPostprocessing = 0;
		};
/* End PBXResourcesBuildPhase section */

/* Begin PBXSourcesBuildPhase section */
		F48EBE58190851C800935701 /* Sources */ = {
			isa = PBXSourcesBuildPhase;
			buildActionMask = 2147483647;
			files = (
				F48EBE98190859CC00935701 /* BPBMainScreenViewController.m in Sources */,
				F43309B51909585B00AB4771 /* BPBStoreLocationAnnotation.m in Sources */,
				F48EBE6C190851C800935701 /* main.m in Sources */,
				F48EBE70190851C800935701 /* BPBAppDelegate.m in Sources */,
				F48EBE931908554100935701 /* BPBLoginViewController.m in Sources */,
			);
			runOnlyForDeploymentPostprocessing = 0;
		};
		F48EBE73190851C800935701 /* Sources */ = {
			isa = PBXSourcesBuildPhase;
			buildActionMask = 2147483647;
			files = (
				F48EBE85190851C800935701 /* OriginsTests.m in Sources */,
			);
			runOnlyForDeploymentPostprocessing = 0;
		};
/* End PBXSourcesBuildPhase section */

/* Begin PBXTargetDependency section */
		F48EBE7D190851C800935701 /* PBXTargetDependency */ = {
			isa = PBXTargetDependency;
			target = F48EBE5B190851C800935701 /* Origins */;
			targetProxy = F48EBE7C190851C800935701 /* PBXContainerItemProxy */;
		};
/* End PBXTargetDependency section */

/* Begin PBXVariantGroup section */
		F48EBE68190851C800935701 /* InfoPlist.strings */ = {
			isa = PBXVariantGroup;
			children = (
				F48EBE69190851C800935701 /* en */,
			);
			name = InfoPlist.strings;
			sourceTree = "<group>";
		};
		F48EBE81190851C800935701 /* InfoPlist.strings */ = {
			isa = PBXVariantGroup;
			children = (
				F48EBE82190851C800935701 /* en */,
			);
			name = InfoPlist.strings;
			sourceTree = "<group>";
		};
/* End PBXVariantGroup section */

/* Begin XCBuildConfiguration section */
		F48EBE86190851C800935701 /* Debug */ = {
			isa = XCBuildConfiguration;
			buildSettings = {
				ALWAYS_SEARCH_USER_PATHS = NO;
				CLANG_CXX_LANGUAGE_STANDARD = "gnu++0x";
				CLANG_CXX_LIBRARY = "libc++";
				CLANG_ENABLE_MODULES = YES;
				CLANG_ENABLE_OBJC_ARC = YES;
				CLANG_WARN_BOOL_CONVERSION = YES;
				CLANG_WARN_CONSTANT_CONVERSION = YES;
				CLANG_WARN_DIRECT_OBJC_ISA_USAGE = YES_ERROR;
				CLANG_WARN_EMPTY_BODY = YES;
				CLANG_WARN_ENUM_CONVERSION = YES;
				CLANG_WARN_INT_CONVERSION = YES;
				CLANG_WARN_OBJC_ROOT_CLASS = YES_ERROR;
				CLANG_WARN__DUPLICATE_METHOD_MATCH = YES;
				"CODE_SIGN_IDENTITY[sdk=iphoneos*]" = "iPhone Developer";
				COPY_PHASE_STRIP = NO;
				GCC_C_LANGUAGE_STANDARD = gnu99;
				GCC_DYNAMIC_NO_PIC = NO;
				GCC_OPTIMIZATION_LEVEL = 0;
				GCC_PREPROCESSOR_DEFINITIONS = (
					"DEBUG=1",
					"$(inherited)",
				);
				GCC_SYMBOLS_PRIVATE_EXTERN = NO;
				GCC_WARN_64_TO_32_BIT_CONVERSION = YES;
				GCC_WARN_ABOUT_RETURN_TYPE = YES_ERROR;
				GCC_WARN_UNDECLARED_SELECTOR = YES;
				GCC_WARN_UNINITIALIZED_AUTOS = YES_AGGRESSIVE;
				GCC_WARN_UNUSED_FUNCTION = YES;
				GCC_WARN_UNUSED_VARIABLE = YES;
				IPHONEOS_DEPLOYMENT_TARGET = 7.1;
				ONLY_ACTIVE_ARCH = YES;
				SDKROOT = iphoneos;
			};
			name = Debug;
		};
		F48EBE87190851C800935701 /* Release */ = {
			isa = XCBuildConfiguration;
			buildSettings = {
				ALWAYS_SEARCH_USER_PATHS = NO;
				CLANG_CXX_LANGUAGE_STANDARD = "gnu++0x";
				CLANG_CXX_LIBRARY = "libc++";
				CLANG_ENABLE_MODULES = YES;
				CLANG_ENABLE_OBJC_ARC = YES;
				CLANG_WARN_BOOL_CONVERSION = YES;
				CLANG_WARN_CONSTANT_CONVERSION = YES;
				CLANG_WARN_DIRECT_OBJC_ISA_USAGE = YES_ERROR;
				CLANG_WARN_EMPTY_BODY = YES;
				CLANG_WARN_ENUM_CONVERSION = YES;
				CLANG_WARN_INT_CONVERSION = YES;
				CLANG_WARN_OBJC_ROOT_CLASS = YES_ERROR;
				CLANG_WARN__DUPLICATE_METHOD_MATCH = YES;
				"CODE_SIGN_IDENTITY[sdk=iphoneos*]" = "iPhone Developer";
				COPY_PHASE_STRIP = YES;
				ENABLE_NS_ASSERTIONS = NO;
				GCC_C_LANGUAGE_STANDARD = gnu99;
				GCC_WARN_64_TO_32_BIT_CONVERSION = YES;
				GCC_WARN_ABOUT_RETURN_TYPE = YES_ERROR;
				GCC_WARN_UNDECLARED_SELECTOR = YES;
				GCC_WARN_UNINITIALIZED_AUTOS = YES_AGGRESSIVE;
				GCC_WARN_UNUSED_FUNCTION = YES;
				GCC_WARN_UNUSED_VARIABLE = YES;
				IPHONEOS_DEPLOYMENT_TARGET = 7.1;
				SDKROOT = iphoneos;
				VALIDATE_PRODUCT = YES;
			};
			name = Release;
		};
		F48EBE89190851C800935701 /* Debug */ = {
			isa = XCBuildConfiguration;
			buildSettings = {
				ASSETCATALOG_COMPILER_APPICON_NAME = AppIcon;
				ASSETCATALOG_COMPILER_LAUNCHIMAGE_NAME = LaunchImage;
				GCC_PRECOMPILE_PREFIX_HEADER = YES;
				GCC_PREFIX_HEADER = "Origins/Origins-Prefix.pch";
				INFOPLIST_FILE = "Origins/Origins-Info.plist";
				PRODUCT_NAME = "$(TARGET_NAME)";
				WRAPPER_EXTENSION = app;
			};
			name = Debug;
		};
		F48EBE8A190851C800935701 /* Release */ = {
			isa = XCBuildConfiguration;
			buildSettings = {
				ASSETCATALOG_COMPILER_APPICON_NAME = AppIcon;
				ASSETCATALOG_COMPILER_LAUNCHIMAGE_NAME = LaunchImage;
				GCC_PRECOMPILE_PREFIX_HEADER = YES;
				GCC_PREFIX_HEADER = "Origins/Origins-Prefix.pch";
				INFOPLIST_FILE = "Origins/Origins-Info.plist";
				PRODUCT_NAME = "$(TARGET_NAME)";
				WRAPPER_EXTENSION = app;
			};
			name = Release;
		};
		F48EBE8C190851C800935701 /* Debug */ = {
			isa = XCBuildConfiguration;
			buildSettings = {
				BUNDLE_LOADER = "$(BUILT_PRODUCTS_DIR)/Origins.app/Origins";
				FRAMEWORK_SEARCH_PATHS = (
					"$(SDKROOT)/Developer/Library/Frameworks",
					"$(inherited)",
					"$(DEVELOPER_FRAMEWORKS_DIR)",
				);
				GCC_PRECOMPILE_PREFIX_HEADER = YES;
				GCC_PREFIX_HEADER = "Origins/Origins-Prefix.pch";
				GCC_PREPROCESSOR_DEFINITIONS = (
					"DEBUG=1",
					"$(inherited)",
				);
				INFOPLIST_FILE = "OriginsTests/OriginsTests-Info.plist";
				PRODUCT_NAME = "$(TARGET_NAME)";
				TEST_HOST = "$(BUNDLE_LOADER)";
				WRAPPER_EXTENSION = xctest;
			};
			name = Debug;
		};
		F48EBE8D190851C800935701 /* Release */ = {
			isa = XCBuildConfiguration;
			buildSettings = {
				BUNDLE_LOADER = "$(BUILT_PRODUCTS_DIR)/Origins.app/Origins";
				FRAMEWORK_SEARCH_PATHS = (
					"$(SDKROOT)/Developer/Library/Frameworks",
					"$(inherited)",
					"$(DEVELOPER_FRAMEWORKS_DIR)",
				);
				GCC_PRECOMPILE_PREFIX_HEADER = YES;
				GCC_PREFIX_HEADER = "Origins/Origins-Prefix.pch";
				INFOPLIST_FILE = "OriginsTests/OriginsTests-Info.plist";
				PRODUCT_NAME = "$(TARGET_NAME)";
				TEST_HOST = "$(BUNDLE_LOADER)";
				WRAPPER_EXTENSION = xctest;
			};
			name = Release;
		};
/* End XCBuildConfiguration section */

/* Begin XCConfigurationList section */
		F48EBE57190851C800935701 /* Build configuration list for PBXProject "Origins" */ = {
			isa = XCConfigurationList;
			buildConfigurations = (
				F48EBE86190851C800935701 /* Debug */,
				F48EBE87190851C800935701 /* Release */,
			);
			defaultConfigurationIsVisible = 0;
			defaultConfigurationName = Release;
		};
		F48EBE88190851C800935701 /* Build configuration list for PBXNativeTarget "Origins" */ = {
			isa = XCConfigurationList;
			buildConfigurations = (
				F48EBE89190851C800935701 /* Debug */,
				F48EBE8A190851C800935701 /* Release */,
			);
			defaultConfigurationIsVisible = 0;
			defaultConfigurationName = Release;
		};
		F48EBE8B190851C800935701 /* Build configuration list for PBXNativeTarget "OriginsTests" */ = {
			isa = XCConfigurationList;
			buildConfigurations = (
				F48EBE8C190851C800935701 /* Debug */,
				F48EBE8D190851C800935701 /* Release */,
			);
			defaultConfigurationIsVisible = 0;
			defaultConfigurationName = Release;
		};
/* End XCConfigurationList section */
	};
	rootObject = F48EBE54190851C800935701 /* Project object */;
}
